version: v1.39.0-rc.1
modules:
    - name: github.com/getoutreach/devbase
      url: https://github.com/getoutreach/devbase
      version: v2.27.1-rc.2
    - name: github.com/getoutreach/stencil-actions
      url: https://github.com/getoutreach/stencil-actions
      version: v0.4.1
    - name: github.com/getoutreach/stencil-base
      url: https://github.com/getoutreach/stencil-base
      version: v0.16.1-rc.1
    - name: github.com/getoutreach/stencil-circleci
      url: https://github.com/getoutreach/stencil-circleci
      version: v1.14.0-rc.1
    - name: github.com/getoutreach/stencil-discovery
      url: https://github.com/getoutreach/stencil-discovery
      version: v1.8.4-rc.1
    - name: github.com/getoutreach/stencil-golang
      url: https://github.com/getoutreach/stencil-golang
      version: v1.23.3-rc.1
    - name: github.com/getoutreach/stencil-outreach
      url: https://github.com/getoutreach/stencil-outreach
      version: v0.22.1-rc.5
    - name: github.com/getoutreach/stencil-pipeline
      url: https://github.com/getoutreach/stencil-pipeline
      version: v1.2.1-rc.1
files:
    - name: .circleci/config.yml
      template: .circleci/config.yml.tpl
      module: github.com/getoutreach/stencil-circleci
    - name: .editorconfig
      template: .editorconfig.tpl
      module: github.com/getoutreach/stencil-base
    - name: .gitattributes
      template: .gitattributes.tpl
      module: github.com/getoutreach/stencil-golang
    - name: .github/CODEOWNERS
      template: .github/CODEOWNERS.tpl
      module: github.com/getoutreach/stencil-base
    - name: .github/dependabot.yml
      template: .github/dependabot.yml.tpl
      module: github.com/getoutreach/stencil-golang
    - name: .github/pull_request_template.md
      template: .github/pull_request_template.md.tpl
      module: github.com/getoutreach/stencil-base
    - name: .github/workflows/pull_request-shared-actions.yaml
      template: .github/workflows/pull_request-shared-actions.yaml.tpl
      module: github.com/getoutreach/stencil-actions
    - name: .gitignore
      template: .gitignore.tpl
      module: github.com/getoutreach/stencil-base
    - name: .goreleaser.yml
      template: .goreleaser.yml.tpl
      module: github.com/getoutreach/stencil-golang
    - name: .prettierignore
      template: .prettierignore.tpl
      module: github.com/getoutreach/stencil-golang
    - name: .prettierrc.yaml
      template: .prettierrc.yaml.tpl
      module: github.com/getoutreach/stencil-golang
    - name: .releaserc.yaml
      template: .releaserc.yaml.tpl
      module: github.com/getoutreach/stencil-base
    - name: .tool-versions
      template: .tool-versions.tpl
      module: github.com/getoutreach/stencil-base
    - name: .vscode/extensions.json
      template: .vscode/extensions.json.tpl
      module: github.com/getoutreach/stencil-golang
    - name: .vscode/launch.json
      template: .vscode/launch.json.tpl
      module: github.com/getoutreach/stencil-golang
    - name: .vscode/outreach.code-snippets
      template: .vscode/outreach.code-snippets.tpl
      module: github.com/getoutreach/stencil-outreach
    - name: .vscode/private.env
      template: .vscode/private.env.tpl
      module: github.com/getoutreach/stencil-golang
    - name: .vscode/settings.json
      template: .vscode/settings.json.tpl
      module: github.com/getoutreach/stencil-golang
    - name: LICENSE
      template: LICENSE.tpl
      module: github.com/getoutreach/stencil-base
    - name: Makefile
      template: Makefile.tpl
      module: github.com/getoutreach/stencil-golang
    - name: cmd/localizer/localizer.go
      template: cmd/main_cli.go.tpl
      module: github.com/getoutreach/stencil-golang
    - name: cortex.yaml
      template: cortex.yaml.tpl
      module: github.com/getoutreach/stencil-outreach
    - name: devenv.yaml
      template: devenv.yaml.tpl
      module: github.com/getoutreach/stencil-golang
    - name: go.mod
      template: go.mod.tpl
      module: github.com/getoutreach/stencil-golang
    - name: package.json
      template: package.json.tpl
      module: github.com/getoutreach/stencil-base
    - name: scripts/devbase.sh
      template: scripts/devbase.sh.tpl
      module: github.com/getoutreach/devbase
    - name: scripts/golangci.yml
      template: scripts/golangci.yml.tpl
      module: github.com/getoutreach/stencil-golang
    - name: scripts/shell-wrapper.sh
      template: scripts/shell-wrapper.sh.tpl
      module: github.com/getoutreach/devbase
