version: v1.21.1
generated: 2022-08-03T23:08:07.344998Z
modules:
    - name: github.com/getoutreach/stencil-actions
      url: https://github.com/getoutreach/stencil-actions
      version: v0.1.0
    - name: github.com/getoutreach/stencil-base
      url: https://github.com/getoutreach/stencil-base
      version: v0.5.0
    - name: github.com/getoutreach/stencil-circleci
      url: https://github.com/getoutreach/stencil-circleci
      version: v1.2.1
    - name: github.com/getoutreach/stencil-discovery
      url: https://github.com/getoutreach/stencil-discovery
      version: v1.2.0
    - name: github.com/getoutreach/stencil-golang
      url: https://github.com/getoutreach/stencil-golang
      version: v1.2.0
    - name: github.com/getoutreach/stencil-opslevel
      url: https://github.com/getoutreach/stencil-opslevel
      version: v0.1.1
    - name: github.com/getoutreach/stencil-outreach
      url: https://github.com/getoutreach/stencil-outreach
      version: v0.2.2
files:
    - name: .air.toml
      template: .air.toml.tpl
      module: github.com/getoutreach/stencil-golang
    - name: .circleci/config.yml
      template: .circleci/config.yml.tpl
      module: github.com/getoutreach/stencil-outreach
    - name: .circleci/config.yml
      template: .circleci/config.yml.tpl
      module: github.com/getoutreach/stencil-circleci
    - name: .dockerignore
      template: .dockerignore.tpl
      module: github.com/getoutreach/stencil-golang
    - name: .editorconfig
      template: .editorconfig.tpl
      module: github.com/getoutreach/stencil-base
    - name: .gitattributes
      template: .gitattributes.tpl
      module: github.com/getoutreach/stencil-golang
    - name: .github/CODEOWNERS
      template: .github/CODEOWNERS.tpl
      module: github.com/getoutreach/stencil-base
    - name: .github/pull_request_template.md
      template: .github/pull_request_template.md.tpl
      module: github.com/getoutreach/stencil-base
    - name: .github/workflows/create-shared-actions.yaml
      template: .github/workflows/create-shared-actions.yaml.tpl
      module: github.com/getoutreach/stencil-actions
    - name: .github/workflows/pull_request-shared-actions.yaml
      template: .github/workflows/pull_request-shared-actions.yaml.tpl
      module: github.com/getoutreach/stencil-actions
    - name: .gitignore
      template: .gitignore.tpl
      module: github.com/getoutreach/stencil-base
    - name: .goreleaser.yml
      template: .goreleaser.yml.tpl
      module: github.com/getoutreach/stencil-golang
    - name: .prettierrc.yaml
      template: .prettierrc.yaml.tpl
      module: github.com/getoutreach/stencil-golang
    - name: .releaserc.yaml
      template: .releaserc.yaml.tpl
      module: github.com/getoutreach/stencil-base
    - name: .tool-versions
      template: .tool-versions.tpl
      module: github.com/getoutreach/stencil-base
    - name: .vscode/extensions.json
      template: .vscode/extensions.json.tpl
      module: github.com/getoutreach/stencil-golang
    - name: .vscode/launch.json
      template: .vscode/launch.json.tpl
      module: github.com/getoutreach/stencil-golang
    - name: .vscode/outreach.code-snippets
      template: .vscode/outreach.code-snippets.tpl
      module: github.com/getoutreach/stencil-outreach
    - name: .vscode/private.env
      template: .vscode/private.env.tpl
      module: github.com/getoutreach/stencil-outreach
    - name: .vscode/private.env
      template: .vscode/private.env.tpl
      module: github.com/getoutreach/stencil-golang
    - name: .vscode/settings.json
      template: .vscode/settings.json.tpl
      module: github.com/getoutreach/stencil-golang
    - name: CONTRIBUTING.md
      template: CONTRIBUTING.md.tpl
      module: github.com/getoutreach/stencil-base
    - name: LICENSE
      template: LICENSE.tpl
      module: github.com/getoutreach/stencil-base
    - name: Makefile
      template: Makefile.tpl
      module: github.com/getoutreach/stencil-golang
    - name: README.md
      template: README.md.tpl
      module: github.com/getoutreach/stencil-base
    - name: _helpers
      template: _helpers.tpl
      module: github.com/getoutreach/stencil-opslevel
    - name: _helpers
      template: _helpers.tpl
      module: github.com/getoutreach/stencil-circleci
    - name: _helpers
      template: _helpers.tpl
      module: github.com/getoutreach/stencil-base
    - name: _helpers
      template: _helpers.tpl
      module: github.com/getoutreach/stencil-golang
    - name: api/clients/node/.eslintrc.js
      template: api/clients/node/.eslintrc.js.tpl
      module: github.com/getoutreach/stencil-golang
    - name: api/clients/node/.gitignore
      template: api/clients/node/.gitignore.tpl
      module: github.com/getoutreach/stencil-golang
    - name: api/clients/node/.npmignore
      template: api/clients/node/.npmignore.tpl
      module: github.com/getoutreach/stencil-golang
    - name: api/clients/node/.nvmrc
      template: api/clients/node/.nvmrc.tpl
      module: github.com/getoutreach/stencil-golang
    - name: api/clients/node/.prettierignore
      template: api/clients/node/.prettierignore.tpl
      module: github.com/getoutreach/stencil-golang
    - name: api/clients/node/.tool-versions
      template: api/clients/node/.tool-versions.tpl
      module: github.com/getoutreach/stencil-golang
    - name: api/clients/node/README.md
      template: api/clients/node/README.md.tpl
      module: github.com/getoutreach/stencil-golang
    - name: api/clients/node/bootstrap.js
      template: api/clients/node/bootstrap.js.tpl
      module: github.com/getoutreach/stencil-golang
    - name: api/clients/node/doc.go
      template: api/clients/node/doc.go.tpl
      module: github.com/getoutreach/stencil-golang
    - name: api/clients/node/generate.go
      template: api/clients/node/generate.go.tpl
      module: github.com/getoutreach/stencil-golang
    - name: api/clients/node/jest.config.js
      template: api/clients/node/jest.config.js.tpl
      module: github.com/getoutreach/stencil-golang
    - name: api/clients/node/package.hjson
      template: api/clients/node/package.hjson.tpl
      module: github.com/getoutreach/stencil-golang
    - name: api/clients/node/scripts/copy-definitions.js
      template: api/clients/node/scripts/copy-definitions.js.tpl
      module: github.com/getoutreach/stencil-golang
    - name: api/clients/node/src/client-helpers.spec.ts
      template: api/clients/node/src/client-helpers.spec.ts.tpl
      module: github.com/getoutreach/stencil-golang
    - name: api/clients/node/src/client-helpers.ts
      template: api/clients/node/src/client-helpers.ts.tpl
      module: github.com/getoutreach/stencil-golang
    - name: api/clients/node/src/index.ts
      template: api/clients/node/src/index.ts.tpl
      module: github.com/getoutreach/stencil-golang
    - name: api/clients/node/tsconfig.json
      template: api/clients/node/tsconfig.json.tpl
      module: github.com/getoutreach/stencil-golang
    - name: api/clients/node/tsconfig.production.json
      template: api/clients/node/tsconfig.production.json.tpl
      module: github.com/getoutreach/stencil-golang
    - name: api/clients/ruby/.tool-versions
      template: api/clients/ruby/.tool-versions.tpl
      module: github.com/getoutreach/stencil-golang
    - name: api/clients/ruby/Gemfile
      template: api/clients/ruby/Gemfile.tpl
      module: github.com/getoutreach/stencil-golang
    - name: api/clients/ruby/Gemfile.lock
      template: api/clients/ruby/Gemfile.lock.tpl
      module: github.com/getoutreach/stencil-golang
    - name: api/clients/ruby/Rakefile
      template: api/clients/ruby/Rakefile.tpl
      module: github.com/getoutreach/stencil-golang
    - name: api/clients/ruby/client.gemspec
      template: api/clients/ruby/client.gemspec.tpl
      module: github.com/getoutreach/stencil-golang
    - name: api/clients/ruby/lib/localizer_client.rb
      template: api/clients/ruby/lib/client.rb.tpl
      module: github.com/getoutreach/stencil-golang
    - name: api/clients/ruby/lib/localizer_client/client.rb
      template: api/clients/ruby/lib/client/client.rb.tpl
      module: github.com/getoutreach/stencil-golang
    - name: api/clients/ruby/lib/localizer_client/version.rb
      template: api/clients/ruby/lib/client/version.rb.tpl
      module: github.com/getoutreach/stencil-golang
    - name: api/doc.go
      template: api/doc.go.tpl
      module: github.com/getoutreach/stencil-golang
    - name: api/kubernetes/groupversion_info.go
      template: api/kubernetes/groupversion_info.go.tpl
      module: github.com/getoutreach/stencil-golang
    - name: api/kubernetes/type.go
      template: api/kubernetes/type.go.tpl
      module: github.com/getoutreach/stencil-golang
    - name: api/kubernetes/version.go
      template: api/kubernetes/version.go.tpl
      module: github.com/getoutreach/stencil-golang
    - name: api/localizer.go
      template: api/api.go.tpl
      module: github.com/getoutreach/stencil-golang
    - name: api/localizer.proto
      template: api/api.proto.tpl
      module: github.com/getoutreach/stencil-golang
    - name: api/localizer/doc.go
      template: api/rpc/doc.go.tpl
      module: github.com/getoutreach/stencil-golang
    - name: api/rpc_helpers.go
      template: api/rpc_helpers.go.tpl
      module: github.com/getoutreach/stencil-golang
    - name: cmd/localizer/localizer.go
      template: cmd/main_cli.go.tpl
      module: github.com/getoutreach/stencil-golang
    - name: cmd/main.go
      template: cmd/main.go.tpl
      module: github.com/getoutreach/stencil-golang
    - name: deployments/localizer/Dockerfile.dev
      template: deployments/appname/Dockerfile.dev.tpl
      module: github.com/getoutreach/stencil-golang
    - name: deployments/localizer/localizer.jsonnet
      template: deployments/appname/app.jsonnet.tpl
      module: github.com/getoutreach/stencil-golang
    - name: deployments/localizer/resources.libsonnet
      template: deployments/appname/resources.libsonnet.tpl
      module: github.com/getoutreach/stencil-golang
    - name: devenv.yaml
      template: devenv.yaml.tpl
      module: github.com/getoutreach/stencil-golang
    - name: devspace.yaml
      template: devspace.yaml.tpl
      module: github.com/getoutreach/stencil-golang
    - name: documentation/README.md
      template: documentation/README.md.tpl
      module: github.com/getoutreach/stencil-base
    - name: documentation/SLOs.md
      template: documentation/SLOs.md.tpl
      module: github.com/getoutreach/stencil-base
    - name: documentation/deployments.md
      template: documentation/deployments.md.tpl
      module: github.com/getoutreach/stencil-base
    - name: documentation/disaster-recovery.md
      template: documentation/disaster-recovery.md.tpl
      module: github.com/getoutreach/stencil-base
    - name: documentation/rollout-plan.md
      template: documentation/rollout-plan.md.tpl
      module: github.com/getoutreach/stencil-base
    - name: documentation/runbook.md
      template: documentation/runbook.md.tpl
      module: github.com/getoutreach/stencil-base
    - name: documentation/runbooks/available-pods-low.md
      template: documentation/runbooks/available-pods-low.md.tpl
      module: github.com/getoutreach/stencil-base
    - name: documentation/runbooks/grpc-latency-high.md
      template: documentation/runbooks/grpc-latency-high.md.tpl
      module: github.com/getoutreach/stencil-base
    - name: documentation/runbooks/grpc-success-rate-low.md
      template: documentation/runbooks/grpc-success-rate-low.md.tpl
      module: github.com/getoutreach/stencil-base
    - name: documentation/runbooks/http-latency-high.md
      template: documentation/runbooks/http-latency-high.md.tpl
      module: github.com/getoutreach/stencil-base
    - name: documentation/runbooks/http-success-rate-low.md
      template: documentation/runbooks/http-success-rate-low.md.tpl
      module: github.com/getoutreach/stencil-base
    - name: documentation/runbooks/pod-cpu.md
      template: documentation/runbooks/pod-cpu.md.tpl
      module: github.com/getoutreach/stencil-base
    - name: documentation/runbooks/pod-memory.md
      template: documentation/runbooks/pod-memory.md.tpl
      module: github.com/getoutreach/stencil-base
    - name: documentation/runbooks/pod-restarts.md
      template: documentation/runbooks/pod-restarts.md.tpl
      module: github.com/getoutreach/stencil-base
    - name: documentation/runbooks/service-panics.md
      template: documentation/runbooks/service-panics.md.tpl
      module: github.com/getoutreach/stencil-base
    - name: go.mod
      template: go.mod.tpl
      module: github.com/getoutreach/stencil-golang
    - name: internal/appName/k8s/_helpers
      template: internal/appName/k8s/_helpers.tpl
      module: github.com/getoutreach/stencil-golang
    - name: internal/appName/k8s/controller.go
      template: internal/appName/k8s/controller.go.tpl
      module: github.com/getoutreach/stencil-golang
    - name: internal/appName/k8s/type_doc.go
      template: internal/appName/k8s/type_doc.go.tpl
      module: github.com/getoutreach/stencil-golang
    - name: internal/appName/k8s/webhook.go
      template: internal/appName/k8s/webhook.go.tpl
      module: github.com/getoutreach/stencil-golang
    - name: internal/appName/kafka/kafka_test.go
      template: internal/appName/kafka/kafka_test.go.tpl
      module: github.com/getoutreach/stencil-golang
    - name: internal/k8s/doc.go
      template: internal/appName/k8s/doc.go.tpl
      module: github.com/getoutreach/stencil-golang
    - name: internal/k8s/resource.go
      template: internal/appName/k8s/resource.go.tpl
      module: github.com/getoutreach/stencil-golang
    - name: internal/localizer/all_test.go
      template: internal/appName/all_test.go.tpl
      module: github.com/getoutreach/stencil-golang
    - name: internal/localizer/config.go
      template: internal/appName/config.go.tpl
      module: github.com/getoutreach/stencil-golang
    - name: internal/localizer/consumer.go
      template: internal/appName/kafka/consumer.go.tpl
      module: github.com/getoutreach/stencil-golang
    - name: internal/localizer/doc.go
      template: internal/appName/doc.go.tpl
      module: github.com/getoutreach/stencil-golang
    - name: internal/localizer/handler.go
      template: internal/appName/http/handler.go.tpl
      module: github.com/getoutreach/stencil-golang
    - name: internal/localizer/handler_test.go
      template: internal/appName/http/handler_test.go.tpl
      module: github.com/getoutreach/stencil-golang
    - name: internal/localizer/httpservice.go
      template: internal/appName/http/httpservice.go.tpl
      module: github.com/getoutreach/stencil-golang
    - name: internal/localizer/kubernetes.go
      template: internal/appName/k8s/activity.go.tpl
      module: github.com/getoutreach/stencil-golang
    - name: internal/localizer/server.go
      template: internal/appName/rpc/server.go.tpl
      module: github.com/getoutreach/stencil-golang
    - name: internal/localizer/shutdown.go
      template: internal/appName/shutdown.go.tpl
      module: github.com/getoutreach/stencil-golang
    - name: opslevel.yml
      template: opslevel.yml.tpl
      module: github.com/getoutreach/stencil-opslevel
    - name: package.json
      template: package.json.tpl
      module: github.com/getoutreach/stencil-base
    - name: scripts/bootstrap-lib.sh
      template: scripts/bootstrap-lib.sh.tpl
      module: github.com/getoutreach/stencil-base
    - name: scripts/devbase.sh
      template: scripts/devbase.sh.tpl
      module: github.com/getoutreach/stencil-base
    - name: scripts/golangci.yml
      template: scripts/golangci.yml.tpl
      module: github.com/getoutreach/stencil-golang
    - name: scripts/shell-wrapper.sh
      template: scripts/shell-wrapper.sh.tpl
      module: github.com/getoutreach/stencil-base
